<?xml version="1.0" encoding="utf-8"?>
<Project ToolsVersion="4.0" xmlns="http://schemas.microsoft.com/developer/msbuild/2003">
  <ItemGroup>
    <Filter Include="Source Files">
      <UniqueIdentifier>{4FC737F1-C7A5-4376-A066-2A32D752A2FF}</UniqueIdentifier>
      <Extensions>cpp;c;cc;cxx;def;odl;idl;hpj;bat;asm;asmx</Extensions>
    </Filter>
    <Filter Include="Header Files">
      <UniqueIdentifier>{93995380-89BD-4b04-88EB-625FBE52EBFB}</UniqueIdentifier>
      <Extensions>h;hpp;hxx;hm;inl;inc;xsd</Extensions>
    </Filter>
    <Filter Include="Scintilla Source Files">
      <UniqueIdentifier>{a9754ce3-44cb-4092-82d8-2c2b1c038e22}</UniqueIdentifier>
    </Filter>
  </ItemGroup>
  <ItemGroup>
    <ClCompile Include="ElasticTabstopsEdit.cpp">
      <Filter>Source Files</Filter>
    </ClCompile>
    <ClCompile Include="ElasticTabstops.cpp">
      <Filter>Source Files</Filter>
    </ClCompile>
    <ClCompile Include="Demo.cpp">
      <Filter>Source Files</Filter>
    </ClCompile>
    <ClCompile Include="scintilla344\lexers\LexA68k.cxx">
      <Filter>Source Files</Filter>
    </ClCompile>
    <ClCompile Include="scintilla344\lexers\LexAbaqus.cxx">
      <Filter>Source Files</Filter>
    </ClCompile>
    <ClCompile Include="scintilla344\lexers\LexAda.cxx">
      <Filter>Source Files</Filter>
    </ClCompile>
    <ClCompile Include="scintilla344\lexers\LexAPDL.cxx">
      <Filter>Source Files</Filter>
    </ClCompile>
    <ClCompile Include="scintilla344\lexers\LexAsm.cxx">
      <Filter>Source Files</Filter>
    </ClCompile>
    <ClCompile Include="scintilla344\lexers\LexAsn1.cxx">
      <Filter>Source Files</Filter>
    </ClCompile>
    <ClCompile Include="scintilla344\lexers\LexASY.cxx">
      <Filter>Source Files</Filter>
    </ClCompile>
    <ClCompile Include="scintilla344\lexers\LexAU3.cxx">
      <Filter>Source Files</Filter>
    </ClCompile>
    <ClCompile Include="scintilla344\lexers\LexAVE.cxx">
      <Filter>Source Files</Filter>
    </ClCompile>
    <ClCompile Include="scintilla344\lexers\LexAVS.cxx">
      <Filter>Source Files</Filter>
    </ClCompile>
    <ClCompile Include="scintilla344\lexers\LexBaan.cxx">
      <Filter>Source Files</Filter>
    </ClCompile>
    <ClCompile Include="scintilla344\lexers\LexBash.cxx">
      <Filter>Source Files</Filter>
    </ClCompile>
    <ClCompile Include="scintilla344\lexers\LexBasic.cxx">
      <Filter>Source Files</Filter>
    </ClCompile>
    <ClCompile Include="scintilla344\lexers\LexBullant.cxx">
      <Filter>Source Files</Filter>
    </ClCompile>
    <ClCompile Include="scintilla344\lexers\LexCaml.cxx">
      <Filter>Source Files</Filter>
    </ClCompile>
    <ClCompile Include="scintilla344\lexers\LexCLW.cxx">
      <Filter>Source Files</Filter>
    </ClCompile>
    <ClCompile Include="scintilla344\lexers\LexCmake.cxx">
      <Filter>Source Files</Filter>
    </ClCompile>
    <ClCompile Include="scintilla344\lexers\LexCOBOL.cxx">
      <Filter>Source Files</Filter>
    </ClCompile>
    <ClCompile Include="scintilla344\lexers\LexCoffeeScript.cxx">
      <Filter>Source Files</Filter>
    </ClCompile>
    <ClCompile Include="scintilla344\lexers\LexConf.cxx">
      <Filter>Source Files</Filter>
    </ClCompile>
    <ClCompile Include="scintilla344\lexers\LexCPP.cxx">
      <Filter>Source Files</Filter>
    </ClCompile>
    <ClCompile Include="scintilla344\lexers\LexCrontab.cxx">
      <Filter>Source Files</Filter>
    </ClCompile>
    <ClCompile Include="scintilla344\lexers\LexCsound.cxx">
      <Filter>Source Files</Filter>
    </ClCompile>
    <ClCompile Include="scintilla344\lexers\LexCSS.cxx">
      <Filter>Source Files</Filter>
    </ClCompile>
    <ClCompile Include="scintilla344\lexers\LexD.cxx">
      <Filter>Source Files</Filter>
    </ClCompile>
    <ClCompile Include="scintilla344\lexers\LexDMAP.cxx">
      <Filter>Source Files</Filter>
    </ClCompile>
    <ClCompile Include="scintilla344\lexers\LexDMIS.cxx">
      <Filter>Source Files</Filter>
    </ClCompile>
    <ClCompile Include="scintilla344\lexers\LexECL.cxx">
      <Filter>Source Files</Filter>
    </ClCompile>
    <ClCompile Include="scintilla344\lexers\LexEiffel.cxx">
      <Filter>Source Files</Filter>
    </ClCompile>
    <ClCompile Include="scintilla344\lexers\LexErlang.cxx">
      <Filter>Source Files</Filter>
    </ClCompile>
    <ClCompile Include="scintilla344\lexers\LexEScript.cxx">
      <Filter>Source Files</Filter>
    </ClCompile>
    <ClCompile Include="scintilla344\lexers\LexFlagship.cxx">
      <Filter>Source Files</Filter>
    </ClCompile>
    <ClCompile Include="scintilla344\lexers\LexForth.cxx">
      <Filter>Source Files</Filter>
    </ClCompile>
    <ClCompile Include="scintilla344\lexers\LexFortran.cxx">
      <Filter>Source Files</Filter>
    </ClCompile>
    <ClCompile Include="scintilla344\lexers\LexGAP.cxx">
      <Filter>Source Files</Filter>
    </ClCompile>
    <ClCompile Include="scintilla344\lexers\LexGui4Cli.cxx">
      <Filter>Source Files</Filter>
    </ClCompile>
    <ClCompile Include="scintilla344\lexers\LexHaskell.cxx">
      <Filter>Source Files</Filter>
    </ClCompile>
    <ClCompile Include="scintilla344\lexers\LexHTML.cxx">
      <Filter>Source Files</Filter>
    </ClCompile>
    <ClCompile Include="scintilla344\lexers\LexInno.cxx">
      <Filter>Source Files</Filter>
    </ClCompile>
    <ClCompile Include="scintilla344\lexers\LexKix.cxx">
      <Filter>Source Files</Filter>
    </ClCompile>
    <ClCompile Include="scintilla344\lexers\LexKVIrc.cxx">
      <Filter>Source Files</Filter>
    </ClCompile>
    <ClCompile Include="scintilla344\lexers\LexLaTeX.cxx">
      <Filter>Source Files</Filter>
    </ClCompile>
    <ClCompile Include="scintilla344\lexers\LexLisp.cxx">
      <Filter>Source Files</Filter>
    </ClCompile>
    <ClCompile Include="scintilla344\lexers\LexLout.cxx">
      <Filter>Source Files</Filter>
    </ClCompile>
    <ClCompile Include="scintilla344\lexers\LexLua.cxx">
      <Filter>Source Files</Filter>
    </ClCompile>
    <ClCompile Include="scintilla344\lexers\LexMagik.cxx">
      <Filter>Source Files</Filter>
    </ClCompile>
    <ClCompile Include="scintilla344\lexers\LexMarkdown.cxx">
      <Filter>Source Files</Filter>
    </ClCompile>
    <ClCompile Include="scintilla344\lexers\LexMatlab.cxx">
      <Filter>Source Files</Filter>
    </ClCompile>
    <ClCompile Include="scintilla344\lexers\LexMetapost.cxx">
      <Filter>Source Files</Filter>
    </ClCompile>
    <ClCompile Include="scintilla344\lexers\LexMMIXAL.cxx">
      <Filter>Source Files</Filter>
    </ClCompile>
    <ClCompile Include="scintilla344\lexers\LexModula.cxx">
      <Filter>Source Files</Filter>
    </ClCompile>
    <ClCompile Include="scintilla344\lexers\LexMPT.cxx">
      <Filter>Source Files</Filter>
    </ClCompile>
    <ClCompile Include="scintilla344\lexers\LexMSSQL.cxx">
      <Filter>Source Files</Filter>
    </ClCompile>
    <ClCompile Include="scintilla344\lexers\LexMySQL.cxx">
      <Filter>Source Files</Filter>
    </ClCompile>
    <ClCompile Include="scintilla344\lexers\LexNimrod.cxx">
      <Filter>Source Files</Filter>
    </ClCompile>
    <ClCompile Include="scintilla344\lexers\LexNsis.cxx">
      <Filter>Source Files</Filter>
    </ClCompile>
    <ClCompile Include="scintilla344\lexers\LexOpal.cxx">
      <Filter>Source Files</Filter>
    </ClCompile>
    <ClCompile Include="scintilla344\lexers\LexOScript.cxx">
      <Filter>Source Files</Filter>
    </ClCompile>
    <ClCompile Include="scintilla344\lexers\LexOthers.cxx">
      <Filter>Source Files</Filter>
    </ClCompile>
    <ClCompile Include="scintilla344\lexers\LexPascal.cxx">
      <Filter>Source Files</Filter>
    </ClCompile>
    <ClCompile Include="scintilla344\lexers\LexPB.cxx">
      <Filter>Source Files</Filter>
    </ClCompile>
    <ClCompile Include="scintilla344\lexers\LexPerl.cxx">
      <Filter>Source Files</Filter>
    </ClCompile>
    <ClCompile Include="scintilla344\lexers\LexPLM.cxx">
      <Filter>Source Files</Filter>
    </ClCompile>
    <ClCompile Include="scintilla344\lexers\LexPO.cxx">
      <Filter>Source Files</Filter>
    </ClCompile>
    <ClCompile Include="scintilla344\lexers\LexPOV.cxx">
      <Filter>Source Files</Filter>
    </ClCompile>
    <ClCompile Include="scintilla344\lexers\LexPowerPro.cxx">
      <Filter>Source Files</Filter>
    </ClCompile>
    <ClCompile Include="scintilla344\lexers\LexPowerShell.cxx">
      <Filter>Source Files</Filter>
    </ClCompile>
    <ClCompile Include="scintilla344\lexers\LexProgress.cxx">
      <Filter>Source Files</Filter>
    </ClCompile>
    <ClCompile Include="scintilla344\lexers\LexPS.cxx">
      <Filter>Source Files</Filter>
    </ClCompile>
    <ClCompile Include="scintilla344\lexers\LexPython.cxx">
      <Filter>Source Files</Filter>
    </ClCompile>
    <ClCompile Include="scintilla344\lexers\LexR.cxx">
      <Filter>Source Files</Filter>
    </ClCompile>
    <ClCompile Include="scintilla344\lexers\LexRebol.cxx">
      <Filter>Source Files</Filter>
    </ClCompile>
    <ClCompile Include="scintilla344\lexers\LexRuby.cxx">
      <Filter>Source Files</Filter>
    </ClCompile>
    <ClCompile Include="scintilla344\lexers\LexRust.cxx">
      <Filter>Source Files</Filter>
    </ClCompile>
    <ClCompile Include="scintilla344\lexers\LexScriptol.cxx">
      <Filter>Source Files</Filter>
    </ClCompile>
    <ClCompile Include="scintilla344\lexers\LexSmalltalk.cxx">
      <Filter>Source Files</Filter>
    </ClCompile>
    <ClCompile Include="scintilla344\lexers\LexSML.cxx">
      <Filter>Source Files</Filter>
    </ClCompile>
    <ClCompile Include="scintilla344\lexers\LexSorcus.cxx">
      <Filter>Source Files</Filter>
    </ClCompile>
    <ClCompile Include="scintilla344\lexers\LexSpecman.cxx">
      <Filter>Source Files</Filter>
    </ClCompile>
    <ClCompile Include="scintilla344\lexers\LexSpice.cxx">
      <Filter>Source Files</Filter>
    </ClCompile>
    <ClCompile Include="scintilla344\lexers\LexSQL.cxx">
      <Filter>Source Files</Filter>
    </ClCompile>
    <ClCompile Include="scintilla344\lexers\LexSTTXT.cxx">
      <Filter>Source Files</Filter>
    </ClCompile>
    <ClCompile Include="scintilla344\lexers\LexTACL.cxx">
      <Filter>Source Files</Filter>
    </ClCompile>
    <ClCompile Include="scintilla344\lexers\LexTADS3.cxx">
      <Filter>Source Files</Filter>
    </ClCompile>
    <ClCompile Include="scintilla344\lexers\LexTAL.cxx">
      <Filter>Source Files</Filter>
    </ClCompile>
    <ClCompile Include="scintilla344\lexers\LexTCL.cxx">
      <Filter>Source Files</Filter>
    </ClCompile>
    <ClCompile Include="scintilla344\lexers\LexTCMD.cxx">
      <Filter>Source Files</Filter>
    </ClCompile>
    <ClCompile Include="scintilla344\lexers\LexTeX.cxx">
      <Filter>Source Files</Filter>
    </ClCompile>
    <ClCompile Include="scintilla344\lexers\LexTxt2tags.cxx">
      <Filter>Source Files</Filter>
    </ClCompile>
    <ClCompile Include="scintilla344\lexers\LexVB.cxx">
      <Filter>Source Files</Filter>
    </ClCompile>
    <ClCompile Include="scintilla344\lexers\LexVerilog.cxx">
      <Filter>Source Files</Filter>
    </ClCompile>
    <ClCompile Include="scintilla344\lexers\LexVHDL.cxx">
      <Filter>Source Files</Filter>
    </ClCompile>
    <ClCompile Include="scintilla344\lexers\LexVisualProlog.cxx">
      <Filter>Source Files</Filter>
    </ClCompile>
    <ClCompile Include="scintilla344\lexers\LexYAML.cxx">
      <Filter>Source Files</Filter>
    </ClCompile>
    <ClCompile Include="scintilla344\lexlib\Accessor.cxx">
      <Filter>Source Files</Filter>
    </ClCompile>
    <ClCompile Include="scintilla344\lexlib\CharacterCategory.cxx">
      <Filter>Source Files</Filter>
    </ClCompile>
    <ClCompile Include="scintilla344\lexlib\CharacterSet.cxx">
      <Filter>Source Files</Filter>
    </ClCompile>
    <ClCompile Include="scintilla344\lexlib\LexerBase.cxx">
      <Filter>Source Files</Filter>
    </ClCompile>
    <ClCompile Include="scintilla344\lexlib\LexerModule.cxx">
      <Filter>Source Files</Filter>
    </ClCompile>
    <ClCompile Include="scintilla344\lexlib\LexerNoExceptions.cxx">
      <Filter>Source Files</Filter>
    </ClCompile>
    <ClCompile Include="scintilla344\lexlib\LexerSimple.cxx">
      <Filter>Source Files</Filter>
    </ClCompile>
    <ClCompile Include="scintilla344\lexlib\PropSetSimple.cxx">
      <Filter>Source Files</Filter>
    </ClCompile>
    <ClCompile Include="scintilla344\lexlib\StyleContext.cxx">
      <Filter>Source Files</Filter>
    </ClCompile>
    <ClCompile Include="scintilla344\lexlib\WordList.cxx">
      <Filter>Source Files</Filter>
    </ClCompile>
    <ClCompile Include="scintilla344\src\AutoComplete.cxx">
      <Filter>Source Files</Filter>
    </ClCompile>
    <ClCompile Include="scintilla344\src\CallTip.cxx">
      <Filter>Source Files</Filter>
    </ClCompile>
    <ClCompile Include="scintilla344\src\CaseConvert.cxx">
      <Filter>Source Files</Filter>
    </ClCompile>
    <ClCompile Include="scintilla344\src\CaseFolder.cxx">
      <Filter>Source Files</Filter>
    </ClCompile>
    <ClCompile Include="scintilla344\src\Catalogue.cxx">
      <Filter>Source Files</Filter>
    </ClCompile>
    <ClCompile Include="scintilla344\src\CellBuffer.cxx">
      <Filter>Source Files</Filter>
    </ClCompile>
    <ClCompile Include="scintilla344\src\CharClassify.cxx">
      <Filter>Source Files</Filter>
    </ClCompile>
    <ClCompile Include="scintilla344\src\ContractionState.cxx">
      <Filter>Source Files</Filter>
    </ClCompile>
    <ClCompile Include="scintilla344\src\Decoration.cxx">
      <Filter>Source Files</Filter>
    </ClCompile>
    <ClCompile Include="scintilla344\src\Document.cxx">
      <Filter>Source Files</Filter>
    </ClCompile>
    <ClCompile Include="scintilla344\src\Editor.cxx">
      <Filter>Source Files</Filter>
    </ClCompile>
    <ClCompile Include="scintilla344\src\ExternalLexer.cxx">
      <Filter>Source Files</Filter>
    </ClCompile>
    <ClCompile Include="scintilla344\src\Indicator.cxx">
      <Filter>Source Files</Filter>
    </ClCompile>
    <ClCompile Include="scintilla344\src\KeyMap.cxx">
      <Filter>Source Files</Filter>
    </ClCompile>
    <ClCompile Include="scintilla344\src\LineMarker.cxx">
      <Filter>Source Files</Filter>
    </ClCompile>
    <ClCompile Include="scintilla344\src\PerLine.cxx">
      <Filter>Source Files</Filter>
    </ClCompile>
    <ClCompile Include="scintilla344\src\PositionCache.cxx">
      <Filter>Source Files</Filter>
    </ClCompile>
    <ClCompile Include="scintilla344\src\RESearch.cxx">
      <Filter>Source Files</Filter>
    </ClCompile>
    <ClCompile Include="scintilla344\src\RunStyles.cxx">
      <Filter>Source Files</Filter>
    </ClCompile>
    <ClCompile Include="scintilla344\src\ScintillaBase.cxx">
      <Filter>Source Files</Filter>
    </ClCompile>
    <ClCompile Include="scintilla344\src\Selection.cxx">
      <Filter>Source Files</Filter>
    </ClCompile>
    <ClCompile Include="scintilla344\src\Style.cxx">
      <Filter>Source Files</Filter>
    </ClCompile>
    <ClCompile Include="scintilla344\src\UniConversion.cxx">
      <Filter>Source Files</Filter>
    </ClCompile>
    <ClCompile Include="scintilla344\src\ViewStyle.cxx">
      <Filter>Source Files</Filter>
    </ClCompile>
    <ClCompile Include="scintilla344\src\XPM.cxx">
      <Filter>Source Files</Filter>
    </ClCompile>
    <ClCompile Include="scintilla344\win32\CheckD2D.cxx">
      <Filter>Source Files</Filter>
    </ClCompile>
    <ClCompile Include="scintilla344\win32\PlatWin.cxx">
      <Filter>Source Files</Filter>
    </ClCompile>
    <ClCompile Include="scintilla344\win32\ScintillaWin.cxx">
      <Filter>Source Files</Filter>
    </ClCompile>
  </ItemGroup>
  <ItemGroup>
    <ClInclude Include="Resource.h">
      <Filter>Header Files</Filter>
    </ClInclude>
    <ClInclude Include="ElasticTabstopsEdit.h">
      <Filter>Header Files</Filter>
    </ClInclude>
    <ClInclude Include="scintilla344\src\XPM.h">
      <Filter>Header Files</Filter>
    </ClInclude>
  </ItemGroup>
  <ItemGroup>
    <ResourceCompile Include="Demo.rc">
      <Filter>Source Files</Filter>
    </ResourceCompile>
  </ItemGroup>
  <ItemGroup>
    <None Include="buffer_contents.txt" />
    <None Include="scintilla344\src\SciTE.properties" />
  </ItemGroup>
</Project>
